{
  "name": "techworld-js-docker-demo-app",
  "lockfileVersion": 2,
  "requires": true,
  "packages": {
    "": {
      "dependencies": {
        "cross": "^1.0.0"
      }
    },
    "node_modules/cross": {
      "version": "1.0.0",
      "resolved": "https://registry.npmjs.org/cross/-/cross-1.0.0.tgz",
      "integrity": "sha512-p6hXbCnjuIB4bhKWFeztQd7VwffgQP9zOBzUoiA8Lvi01RzQY0e7PbPFU/uqVPTM2stY7uCpVck1UTPpxhinMQ=="
    }
  },
  "dependencies": {
    "cross": {
      "version": "1.0.0",
      "resolved": "https://registry.npmjs.org/cross/-/cross-1.0.0.tgz",
      "integrity": "sha512-p6hXbCnjuIB4bhKWFeztQd7VwffgQP9zOBzUoiA8Lvi01RzQY0e7PbPFU/uqVPTM2stY7uCpVck1UTPpxhinMQ=="
    }
  }
}
